
Microsoft Visual Studio Solution File, Format Version 12.00
# Visual Studio Version 17
VisualStudioVersion = 17.10.35122.118
MinimumVisualStudioVersion = 10.0.40219.1
Project("{FAE04EC0-301F-11D3-BF4B-00C04F79EFBC}") = "PrjTblContatos", "PrjTblContatos.csproj", "{417CA5FE-9F23-4E03-A295-5C1745771B49}"
EndProject
Global
	GlobalSection(SolutionConfigurationPlatforms) = preSolution
		Debug|Any CPU = Debug|Any CPU
		Release|Any CPU = Release|Any CPU
	EndGlobalSection
	GlobalSection(ProjectConfigurationPlatforms) = postSolution
		{417CA5FE-9F23-4E03-A295-5C1745771B49}.Debug|Any CPU.ActiveCfg = Debug|Any CPU
		{417CA5FE-9F23-4E03-A295-5C1745771B49}.Debug|Any CPU.Build.0 = Debug|Any CPU
		{417CA5FE-9F23-4E03-A295-5C1745771B49}.Release|Any CPU.ActiveCfg = Release|Any CPU
		{417CA5FE-9F23-4E03-A295-5C1745771B49}.Release|Any CPU.Build.0 = Release|Any CPU
	EndGlobalSection
	GlobalSection(SolutionProperties) = preSolution
		HideSolutionNode = FALSE
	EndGlobalSection
	GlobalSection(ExtensibilityGlobals) = postSolution
		SolutionGuid = {41BF6108-3683-43D4-B368-FF6A52C4A089}
	EndGlobalSection
EndGlobal
